
Microsoft Visual Studio Solution File, Format Version 12.00
Project("{FAE04EC0-301F-11D3-BF4B-00C04F79EFBC}") = "NotesApp", "NotesApp\NotesApp.csproj", "{DDB17074-A211-4497-A7F2-69BA24296C66}"
EndProject
Project("{FAE04EC0-301F-11D3-BF4B-00C04F79EFBC}") = "NotesApp.Tests", "NotesApp.Tests\NotesApp.Tests.csproj", "{D28DD57A-B916-43CC-B57A-7231D31E9888}"
EndProject
Project("{FAE04EC0-301F-11D3-BF4B-00C04F79EFBC}") = "NotesApp.IntegrationTests", "NotesApp.IntegrationTests\NotesApp.IntegrationTests.csproj", "{3E2E1ABD-FADC-4EAE-BE97-FCE13E923292}"
EndProject
Global
	GlobalSection(SolutionConfigurationPlatforms) = preSolution
		Debug|Any CPU = Debug|Any CPU
		Release|Any CPU = Release|Any CPU
	EndGlobalSection
	GlobalSection(ProjectConfigurationPlatforms) = postSolution
		{DDB17074-A211-4497-A7F2-69BA24296C66}.Debug|Any CPU.ActiveCfg = Debug|Any CPU
		{DDB17074-A211-4497-A7F2-69BA24296C66}.Debug|Any CPU.Build.0 = Debug|Any CPU
		{DDB17074-A211-4497-A7F2-69BA24296C66}.Release|Any CPU.ActiveCfg = Release|Any CPU
		{DDB17074-A211-4497-A7F2-69BA24296C66}.Release|Any CPU.Build.0 = Release|Any CPU
		{D28DD57A-B916-43CC-B57A-7231D31E9888}.Debug|Any CPU.ActiveCfg = Debug|Any CPU
		{D28DD57A-B916-43CC-B57A-7231D31E9888}.Debug|Any CPU.Build.0 = Debug|Any CPU
		{D28DD57A-B916-43CC-B57A-7231D31E9888}.Release|Any CPU.ActiveCfg = Release|Any CPU
		{D28DD57A-B916-43CC-B57A-7231D31E9888}.Release|Any CPU.Build.0 = Release|Any CPU
		{3E2E1ABD-FADC-4EAE-BE97-FCE13E923292}.Debug|Any CPU.ActiveCfg = Debug|Any CPU
		{3E2E1ABD-FADC-4EAE-BE97-FCE13E923292}.Debug|Any CPU.Build.0 = Debug|Any CPU
		{3E2E1ABD-FADC-4EAE-BE97-FCE13E923292}.Release|Any CPU.ActiveCfg = Release|Any CPU
		{3E2E1ABD-FADC-4EAE-BE97-FCE13E923292}.Release|Any CPU.Build.0 = Release|Any CPU
	EndGlobalSection
EndGlobal
